
Microsoft Visual Studio Solution File, Format Version 12.00
# Visual Studio Version 16
VisualStudioVersion = 16.0.31402.337
MinimumVisualStudioVersion = 10.0.40219.1
Project("{FAE04EC0-301F-11D3-BF4B-00C04F79EFBC}") = "KPSP-Stamp", "KPSP-Stamp\KPSP-Stamp.csproj", "{C70C7B85-412A-4BA9-96B8-BE7B33E0F083}"
EndProject
Global
	GlobalSection(SolutionConfigurationPlatforms) = preSolution
		Debug|Any CPU = Debug|Any CPU
		Release|Any CPU = Release|Any CPU
	EndGlobalSection
	GlobalSection(ProjectConfigurationPlatforms) = postSolution
		{C70C7B85-412A-4BA9-96B8-BE7B33E0F083}.Debug|Any CPU.ActiveCfg = Debug|Any CPU
		{C70C7B85-412A-4BA9-96B8-BE7B33E0F083}.Debug|Any CPU.Build.0 = Debug|Any CPU
		{C70C7B85-412A-4BA9-96B8-BE7B33E0F083}.Release|Any CPU.ActiveCfg = Release|Any CPU
		{C70C7B85-412A-4BA9-96B8-BE7B33E0F083}.Release|Any CPU.Build.0 = Release|Any CPU
	EndGlobalSection
	GlobalSection(SolutionProperties) = preSolution
		HideSolutionNode = FALSE
	EndGlobalSection
	GlobalSection(ExtensibilityGlobals) = postSolution
		SolutionGuid = {E71D74FC-CCC0-434C-B929-3F97DBEF721D}
	EndGlobalSection
EndGlobal
